<Solution>
	<Folder Name="/src/">
		<Project Path="src/CloudGameCatalog.Application/CloudGameCatalog.Application.csproj" />
		<Project Path="src/CloudGameCatalog.Domain/CloudGameCatalog.Domain.csproj" />
		<Project Path="src/CloudGameCatalog.Infrastructure/CloudGameCatalog.Infrastructure.csproj" />
		<Project Path="src/CloudGameCatalog.Api/CloudGameCatalog.Api.csproj" />
  </Folder>
	<Project Path="docker-compose.dcproj">
		<Build />
	</Project>
</Solution>
